
Microsoft Visual Studio Solution File, Format Version 12.00
# Visual Studio Version 17
VisualStudioVersion = 17.6.33829.357
MinimumVisualStudioVersion = 10.0.40219.1
Project("{FAE04EC0-301F-11D3-BF4B-00C04F79EFBC}") = "Fase2_IsaccMestra", "Fase2_IsaccMestra.csproj", "{3CC9AB36-52FD-44D6-ACEB-07551EB30EEE}"
EndProject
Global
	GlobalSection(SolutionConfigurationPlatforms) = preSolution
		Debug|Any CPU = Debug|Any CPU
		Release|Any CPU = Release|Any CPU
	EndGlobalSection
	GlobalSection(ProjectConfigurationPlatforms) = postSolution
		{3CC9AB36-52FD-44D6-ACEB-07551EB30EEE}.Debug|Any CPU.ActiveCfg = Debug|Any CPU
		{3CC9AB36-52FD-44D6-ACEB-07551EB30EEE}.Debug|Any CPU.Build.0 = Debug|Any CPU
		{3CC9AB36-52FD-44D6-ACEB-07551EB30EEE}.Release|Any CPU.ActiveCfg = Release|Any CPU
		{3CC9AB36-52FD-44D6-ACEB-07551EB30EEE}.Release|Any CPU.Build.0 = Release|Any CPU
	EndGlobalSection
	GlobalSection(SolutionProperties) = preSolution
		HideSolutionNode = FALSE
	EndGlobalSection
	GlobalSection(ExtensibilityGlobals) = postSolution
		SolutionGuid = {2581E09F-E056-480F-91CC-410170EE030D}
	EndGlobalSection
EndGlobal
